
Microsoft Visual Studio Solution File, Format Version 12.00
# Visual Studio Version 16
VisualStudioVersion = 16.0.31005.135
MinimumVisualStudioVersion = 10.0.40219.1
Project("{FAE04EC0-301F-11D3-BF4B-00C04F79EFBC}") = "Homework_13", "Homework_13\Homework_13.csproj", "{F9E734C7-3899-4DDC-82D9-DEAB250A23B9}"
EndProject
Global
	GlobalSection(SolutionConfigurationPlatforms) = preSolution
		Debug|Any CPU = Debug|Any CPU
		Release|Any CPU = Release|Any CPU
	EndGlobalSection
	GlobalSection(ProjectConfigurationPlatforms) = postSolution
		{F9E734C7-3899-4DDC-82D9-DEAB250A23B9}.Debug|Any CPU.ActiveCfg = Debug|Any CPU
		{F9E734C7-3899-4DDC-82D9-DEAB250A23B9}.Debug|Any CPU.Build.0 = Debug|Any CPU
		{F9E734C7-3899-4DDC-82D9-DEAB250A23B9}.Release|Any CPU.ActiveCfg = Release|Any CPU
		{F9E734C7-3899-4DDC-82D9-DEAB250A23B9}.Release|Any CPU.Build.0 = Release|Any CPU
	EndGlobalSection
	GlobalSection(SolutionProperties) = preSolution
		HideSolutionNode = FALSE
	EndGlobalSection
	GlobalSection(ExtensibilityGlobals) = postSolution
		SolutionGuid = {C367820F-9696-4E11-B9C4-4ACD5793A90B}
	EndGlobalSection
EndGlobal
